# THIS IS AN AUTOGENERATED FILE. DO NOT EDIT THIS FILE DIRECTLY.
# yarn lockfile v1


"@dnd-kit/accessibility@^3.0.0":
  version "3.0.0"
  resolved "https://registry.yarnpkg.com/@dnd-kit/accessibility/-/accessibility-3.0.0.tgz#b56e3750414fd907b7d6972b3116aa8f96d07fde"
  integrity sha512-QwaQ1IJHQHMMuAGOOYHQSx7h7vMZPfO97aDts8t5N/MY7n2QTDSnW+kF7uRQ1tVBkr6vJ+BqHWG5dlgGvwVjow==
  dependencies:
    tslib "^2.0.0"

"@dnd-kit/core@^5.0.1":
  version "5.0.1"
  resolved "https://registry.yarnpkg.com/@dnd-kit/core/-/core-5.0.1.tgz#ae8c01ca5a91083ab31bbd8c839c552e5cf62c26"
  integrity sha512-h02GyHb2KqbpqbELA9QW5WVLdnAQODgZs8Nv15PTg/VpEpQxEkLPn0QHqiMSSOOFBx0qJOowwYh6ggfL1ZIJPQ==
  dependencies:
    "@dnd-kit/accessibility" "^3.0.0"
    "@dnd-kit/utilities" "^3.1.0"
    tslib "^2.0.0"

"@dnd-kit/sortable@^6.0.0":
  version "6.0.0"
  resolved "https://registry.yarnpkg.com/@dnd-kit/sortable/-/sortable-6.0.0.tgz#289c06ec594fb519d75cdf04ac5de7359b14f068"
  integrity sha512-Kf0HO/rbFpd7HxXGEvxXtxBgPI6+IQuxRXDdFz6XKLhylxuDMEomi1netrhS+253KrOZ68V+sjqOmfE2RreLeQ==
  dependencies:
    "@dnd-kit/utilities" "^3.1.0"
    tslib "^2.0.0"

"@dnd-kit/utilities@^3.1.0":
  version "3.1.0"
  resolved "https://registry.yarnpkg.com/@dnd-kit/utilities/-/utilities-3.1.0.tgz#330ef24303da05f85ff20bb8f74b385c96caee58"
  integrity sha512-2JBdIgjJ7xjMRpKagdMuYKWJdDoVVw9Wc6lfMrLjrq8t4QlMEjtsab5JVUlzWvHgANn7w3Y3VhalFfbp4dQrKg==
  dependencies:
    tslib "^2.0.0"

tslib@^2.0.0:
  version "2.3.1"
  resolved "https://registry.yarnpkg.com/tslib/-/tslib-2.3.1.tgz#e8a335add5ceae51aa261d32a490158ef042ef01"
  integrity sha512-77EbyPPpMz+FRFRuAFlWMtmgUWGe9UOG2Z25NqCwiIjRhOf5iKGuzSe5P2w1laq+FkRy4p+PCuVkJSGkzTEKVw==
